
Microsoft Visual Studio Solution File, Format Version 12.00
# Visual Studio Version 17
VisualStudioVersion = 17.9.34723.18
MinimumVisualStudioVersion = 10.0.40219.1
Project("{FAE04EC0-301F-11D3-BF4B-00C04F79EFBC}") = "Week6-StringsAndArrays", "Week6-StringsAndArrays\Week6-StringsAndArrays.csproj", "{096ECB05-60AA-46D0-9138-4B39BAA107A2}"
EndProject
Project("{FAE04EC0-301F-11D3-BF4B-00C04F79EFBC}") = "Arrays", "Arrays\Arrays.csproj", "{211EEBD2-E355-4713-844F-1E43A209C334}"
EndProject
Global
	GlobalSection(SolutionConfigurationPlatforms) = preSolution
		Debug|Any CPU = Debug|Any CPU
		Release|Any CPU = Release|Any CPU
	EndGlobalSection
	GlobalSection(ProjectConfigurationPlatforms) = postSolution
		{096ECB05-60AA-46D0-9138-4B39BAA107A2}.Debug|Any CPU.ActiveCfg = Debug|Any CPU
		{096ECB05-60AA-46D0-9138-4B39BAA107A2}.Debug|Any CPU.Build.0 = Debug|Any CPU
		{096ECB05-60AA-46D0-9138-4B39BAA107A2}.Release|Any CPU.ActiveCfg = Release|Any CPU
		{096ECB05-60AA-46D0-9138-4B39BAA107A2}.Release|Any CPU.Build.0 = Release|Any CPU
		{211EEBD2-E355-4713-844F-1E43A209C334}.Debug|Any CPU.ActiveCfg = Debug|Any CPU
		{211EEBD2-E355-4713-844F-1E43A209C334}.Debug|Any CPU.Build.0 = Debug|Any CPU
		{211EEBD2-E355-4713-844F-1E43A209C334}.Release|Any CPU.ActiveCfg = Release|Any CPU
		{211EEBD2-E355-4713-844F-1E43A209C334}.Release|Any CPU.Build.0 = Release|Any CPU
	EndGlobalSection
	GlobalSection(SolutionProperties) = preSolution
		HideSolutionNode = FALSE
	EndGlobalSection
	GlobalSection(ExtensibilityGlobals) = postSolution
		SolutionGuid = {EE395D3A-6406-42B6-BA07-6580CF07D0F2}
	EndGlobalSection
EndGlobal
